
Microsoft Visual Studio Solution File, Format Version 12.00
# Visual Studio Version 16
VisualStudioVersion = 16.0.31729.503
MinimumVisualStudioVersion = 10.0.40219.1
Project("{2150E333-8FDC-42A3-9474-1A3956D46DE8}") = "src", "src", "{131E3AF1-ED9C-4AD4-8457-048F69C7A830}"
EndProject
Project("{2150E333-8FDC-42A3-9474-1A3956D46DE8}") = "test", "test", "{AB38D12D-EBA8-4879-803D-4BF91F22FDC2}"
EndProject
Project("{2150E333-8FDC-42A3-9474-1A3956D46DE8}") = "Api", "Api", "{2B1E0A9E-6F4E-4375-82F0-F143E205C073}"
EndProject
Project("{2150E333-8FDC-42A3-9474-1A3956D46DE8}") = "Infrastructure", "Infrastructure", "{141AC2AF-291E-4004-A145-4FCFCAF501C2}"
EndProject
Project("{2150E333-8FDC-42A3-9474-1A3956D46DE8}") = "Core", "Core", "{B6B3AAA3-0A95-4E2C-B699-6B142418B4F2}"
EndProject
Project("{2150E333-8FDC-42A3-9474-1A3956D46DE8}") = "Ui", "Ui", "{496459E6-9B61-4ED8-95FF-D79346775571}"
EndProject
Project("{FAE04EC0-301F-11D3-BF4B-00C04F79EFBC}") = "WebApi.Application", "GabosNationalNode.Application\WebApi.Application.csproj", "{0752FB09-2873-4216-8954-41BAE7A5A1B8}"
EndProject
Project("{FAE04EC0-301F-11D3-BF4B-00C04F79EFBC}") = "WebApi.Domain", "GabosNationalNode.Domain\WebApi.Domain.csproj", "{93D71BC3-F577-4CAB-919B-5BB40E356D6E}"
EndProject
Project("{FAE04EC0-301F-11D3-BF4B-00C04F79EFBC}") = "WebApi.Api", "GabosNationalNode.Api\WebApi.Api.csproj", "{7FCD6EEF-433A-48A2-9EAD-FBCD9651D39D}"
EndProject
Project("{FAE04EC0-301F-11D3-BF4B-00C04F79EFBC}") = "WebApi.Infrastructure", "GabosNationalNode.Infrastructure\WebApi.Infrastructure.csproj", "{029C7432-ADCA-4E4D-9437-876E21376A5F}"
EndProject
Global
	GlobalSection(SolutionConfigurationPlatforms) = preSolution
		Debug|Any CPU = Debug|Any CPU
		Release|Any CPU = Release|Any CPU
	EndGlobalSection
	GlobalSection(ProjectConfigurationPlatforms) = postSolution
		{0752FB09-2873-4216-8954-41BAE7A5A1B8}.Debug|Any CPU.ActiveCfg = Debug|Any CPU
		{0752FB09-2873-4216-8954-41BAE7A5A1B8}.Debug|Any CPU.Build.0 = Debug|Any CPU
		{0752FB09-2873-4216-8954-41BAE7A5A1B8}.Release|Any CPU.ActiveCfg = Release|Any CPU
		{0752FB09-2873-4216-8954-41BAE7A5A1B8}.Release|Any CPU.Build.0 = Release|Any CPU
		{93D71BC3-F577-4CAB-919B-5BB40E356D6E}.Debug|Any CPU.ActiveCfg = Debug|Any CPU
		{93D71BC3-F577-4CAB-919B-5BB40E356D6E}.Debug|Any CPU.Build.0 = Debug|Any CPU
		{93D71BC3-F577-4CAB-919B-5BB40E356D6E}.Release|Any CPU.ActiveCfg = Release|Any CPU
		{93D71BC3-F577-4CAB-919B-5BB40E356D6E}.Release|Any CPU.Build.0 = Release|Any CPU
		{7FCD6EEF-433A-48A2-9EAD-FBCD9651D39D}.Debug|Any CPU.ActiveCfg = Debug|Any CPU
		{7FCD6EEF-433A-48A2-9EAD-FBCD9651D39D}.Debug|Any CPU.Build.0 = Debug|Any CPU
		{7FCD6EEF-433A-48A2-9EAD-FBCD9651D39D}.Release|Any CPU.ActiveCfg = Release|Any CPU
		{7FCD6EEF-433A-48A2-9EAD-FBCD9651D39D}.Release|Any CPU.Build.0 = Release|Any CPU
		{029C7432-ADCA-4E4D-9437-876E21376A5F}.Debug|Any CPU.ActiveCfg = Debug|Any CPU
		{029C7432-ADCA-4E4D-9437-876E21376A5F}.Debug|Any CPU.Build.0 = Debug|Any CPU
		{029C7432-ADCA-4E4D-9437-876E21376A5F}.Release|Any CPU.ActiveCfg = Release|Any CPU
		{029C7432-ADCA-4E4D-9437-876E21376A5F}.Release|Any CPU.Build.0 = Release|Any CPU
	EndGlobalSection
	GlobalSection(SolutionProperties) = preSolution
		HideSolutionNode = FALSE
	EndGlobalSection
	GlobalSection(NestedProjects) = preSolution
		{2B1E0A9E-6F4E-4375-82F0-F143E205C073} = {131E3AF1-ED9C-4AD4-8457-048F69C7A830}
		{141AC2AF-291E-4004-A145-4FCFCAF501C2} = {131E3AF1-ED9C-4AD4-8457-048F69C7A830}
		{B6B3AAA3-0A95-4E2C-B699-6B142418B4F2} = {131E3AF1-ED9C-4AD4-8457-048F69C7A830}
		{496459E6-9B61-4ED8-95FF-D79346775571} = {131E3AF1-ED9C-4AD4-8457-048F69C7A830}
		{0752FB09-2873-4216-8954-41BAE7A5A1B8} = {B6B3AAA3-0A95-4E2C-B699-6B142418B4F2}
		{93D71BC3-F577-4CAB-919B-5BB40E356D6E} = {B6B3AAA3-0A95-4E2C-B699-6B142418B4F2}
		{7FCD6EEF-433A-48A2-9EAD-FBCD9651D39D} = {2B1E0A9E-6F4E-4375-82F0-F143E205C073}
		{029C7432-ADCA-4E4D-9437-876E21376A5F} = {141AC2AF-291E-4004-A145-4FCFCAF501C2}
	EndGlobalSection
	GlobalSection(ExtensibilityGlobals) = postSolution
		SolutionGuid = {CC498A48-4FF4-490C-87A3-D376B0AA512A}
	EndGlobalSection
EndGlobal
